{
  "name": "timeout",
  "version": "1.0.0",
  "lockfileVersion": 3,
  "requires": true,
  "packages": {
    "": {
      "name": "timeout",
      "version": "1.0.0",
      "license": "MIT",
      "dependencies": {
        "humanize-duration": "^3.31.0"
      }
    },
    "node_modules/humanize-duration": {
      "version": "3.31.0",
      "resolved": "https://registry.npmjs.org/humanize-duration/-/humanize-duration-3.31.0.tgz",
      "integrity": "sha512-fRrehgBG26NNZysRlTq1S+HPtDpp3u+Jzdc/d5A4cEzOD86YLAkDaJyJg8krSdCi7CJ+s7ht3fwRj8Dl+Btd0w=="
    }
  }
}
