{
  "name": "noop",
  "version": "1.0.0",
  "lockfileVersion": 3,
  "requires": true,
  "packages": {
    "": {
      "name": "noop",
      "version": "1.0.0",
      "license": "GPL-3.0-or-later",
      "devDependencies": {
        "noop": "^1.0.1"
      }
    },
    "node_modules/noop": {
      "version": "1.0.1",
      "resolved": "https://registry.npmjs.org/noop/-/noop-1.0.1.tgz",
      "integrity": "sha512-Ie26MApU6CpCVRyp1GHFSQsY+zKe3uUXqQnu6bW9dYO/Cb1cpp34nvfi69WHpMvxLeG3Bhu9YV9ItP8z5z1HCQ==",
      "dev": true
    }
  }
}
